// !$*UTF8*$!
{
	archiveVersion = 1;
	classes = {
	};
	objectVersion = 46;
	objects = {

/* Begin PBXBuildFile section */
		62D34E221FC50ECC007B3228 /* Assets.xcassets in Resources */ = {isa = PBXBuildFile; fileRef = 62D34E211FC50ECC007B3228 /* Assets.xcassets */; };
		62D34E291FC50ECC007B3228 /* MessagesExtension.appex in Embed App Extensions */ = {isa = PBXBuildFile; fileRef = 62D34E281FC50ECC007B3228 /* MessagesExtension.appex */; settings = {ATTRIBUTES = (RemoveHeadersOnCopy, ); }; };
		62D34E2E1FC50ECC007B3228 /* Messages.framework in Frameworks */ = {isa = PBXBuildFile; fileRef = 62D34E2D1FC50ECC007B3228 /* Messages.framework */; };
		62D34E311FC50ECC007B3228 /* MessagesViewController.swift in Sources */ = {isa = PBXBuildFile; fileRef = 62D34E301FC50ECC007B3228 /* MessagesViewController.swift */; };
		62D34E341FC50ECC007B3228 /* MainInterface.storyboard in Resources */ = {isa = PBXBuildFile; fileRef = 62D34E321FC50ECC007B3228 /* MainInterface.storyboard */; };
		62D34E361FC50ECC007B3228 /* Assets.xcassets in Resources */ = {isa = PBXBuildFile; fileRef = 62D34E351FC50ECC007B3228 /* Assets.xcassets */; };
		62D34E431FC50F85007B3228 /* DrawPicGame.swift in Sources */ = {isa = PBXBuildFile; fileRef = 62D34E421FC50F85007B3228 /* DrawPicGame.swift */; };
		62D34E481FC512A4007B3228 /* DrawingViewController.swift in Sources */ = {isa = PBXBuildFile; fileRef = 62D34E471FC512A4007B3228 /* DrawingViewController.swift */; };
		62D34E4B1FC512E3007B3228 /* Canvas.swift in Sources */ = {isa = PBXBuildFile; fileRef = 62D34E4A1FC512E3007B3228 /* Canvas.swift */; };
		62D34E4E1FC5142F007B3228 /* Utilities.swift in Sources */ = {isa = PBXBuildFile; fileRef = 62D34E4D1FC5142F007B3228 /* Utilities.swift */; };
		62D34E501FC517A0007B3228 /* ProgressCircle.swift in Sources */ = {isa = PBXBuildFile; fileRef = 62D34E4F1FC517A0007B3228 /* ProgressCircle.swift */; };
		62D34E521FC51EEF007B3228 /* SummaryViewController.swift in Sources */ = {isa = PBXBuildFile; fileRef = 62D34E511FC51EEF007B3228 /* SummaryViewController.swift */; };
		62D34E541FC51F7F007B3228 /* GuessViewController.swift in Sources */ = {isa = PBXBuildFile; fileRef = 62D34E531FC51F7F007B3228 /* GuessViewController.swift */; };
		62D34E561FC51FFB007B3228 /* DrawingStore.swift in Sources */ = {isa = PBXBuildFile; fileRef = 62D34E551FC51FFB007B3228 /* DrawingStore.swift */; };
/* End PBXBuildFile section */

/* Begin PBXContainerItemProxy section */
		62D34E2A1FC50ECC007B3228 /* PBXContainerItemProxy */ = {
			isa = PBXContainerItemProxy;
			containerPortal = 62D34E181FC50ECC007B3228 /* Project object */;
			proxyType = 1;
			remoteGlobalIDString = 62D34E271FC50ECC007B3228;
			remoteInfo = MessagesExtension;
		};
/* End PBXContainerItemProxy section */

/* Begin PBXCopyFilesBuildPhase section */
		62D34E3D1FC50ECC007B3228 /* Embed App Extensions */ = {
			isa = PBXCopyFilesBuildPhase;
			buildActionMask = 2147483647;
			dstPath = "";
			dstSubfolderSpec = 13;
			files = (
				62D34E291FC50ECC007B3228 /* MessagesExtension.appex in Embed App Extensions */,
			);
			name = "Embed App Extensions";
			runOnlyForDeploymentPostprocessing = 0;
		};
/* End PBXCopyFilesBuildPhase section */

/* Begin PBXFileReference section */
		62D34E1E1FC50ECC007B3228 /* DrawPic.app */ = {isa = PBXFileReference; explicitFileType = wrapper.application; includeInIndex = 0; path = DrawPic.app; sourceTree = BUILT_PRODUCTS_DIR; };
		62D34E211FC50ECC007B3228 /* Assets.xcassets */ = {isa = PBXFileReference; lastKnownFileType = folder.assetcatalog; path = Assets.xcassets; sourceTree = "<group>"; };
		62D34E231FC50ECC007B3228 /* Info.plist */ = {isa = PBXFileReference; lastKnownFileType = text.plist.xml; path = Info.plist; sourceTree = "<group>"; };
		62D34E281FC50ECC007B3228 /* MessagesExtension.appex */ = {isa = PBXFileReference; explicitFileType = "wrapper.app-extension"; includeInIndex = 0; path = MessagesExtension.appex; sourceTree = BUILT_PRODUCTS_DIR; };
		62D34E2D1FC50ECC007B3228 /* Messages.framework */ = {isa = PBXFileReference; lastKnownFileType = wrapper.framework; name = Messages.framework; path = System/Library/Frameworks/Messages.framework; sourceTree = SDKROOT; };
		62D34E301FC50ECC007B3228 /* MessagesViewController.swift */ = {isa = PBXFileReference; lastKnownFileType = sourcecode.swift; path = MessagesViewController.swift; sourceTree = "<group>"; };
		62D34E331FC50ECC007B3228 /* Base */ = {isa = PBXFileReference; lastKnownFileType = file.storyboard; name = Base; path = Base.lproj/MainInterface.storyboard; sourceTree = "<group>"; };
		62D34E351FC50ECC007B3228 /* Assets.xcassets */ = {isa = PBXFileReference; lastKnownFileType = folder.assetcatalog; path = Assets.xcassets; sourceTree = "<group>"; };
		62D34E371FC50ECC007B3228 /* Info.plist */ = {isa = PBXFileReference; lastKnownFileType = text.plist.xml; path = Info.plist; sourceTree = "<group>"; };
		62D34E421FC50F85007B3228 /* DrawPicGame.swift */ = {isa = PBXFileReference; fileEncoding = 4; lastKnownFileType = sourcecode.swift; path = DrawPicGame.swift; sourceTree = "<group>"; };
		62D34E471FC512A4007B3228 /* DrawingViewController.swift */ = {isa = PBXFileReference; fileEncoding = 4; lastKnownFileType = sourcecode.swift; path = DrawingViewController.swift; sourceTree = "<group>"; };
		62D34E4A1FC512E3007B3228 /* Canvas.swift */ = {isa = PBXFileReference; fileEncoding = 4; lastKnownFileType = sourcecode.swift; path = Canvas.swift; sourceTree = "<group>"; };
		62D34E4D1FC5142F007B3228 /* Utilities.swift */ = {isa = PBXFileReference; fileEncoding = 4; lastKnownFileType = sourcecode.swift; path = Utilities.swift; sourceTree = "<group>"; };
		62D34E4F1FC517A0007B3228 /* ProgressCircle.swift */ = {isa = PBXFileReference; fileEncoding = 4; lastKnownFileType = sourcecode.swift; path = ProgressCircle.swift; sourceTree = "<group>"; };
		62D34E511FC51EEF007B3228 /* SummaryViewController.swift */ = {isa = PBXFileReference; fileEncoding = 4; lastKnownFileType = sourcecode.swift; path = SummaryViewController.swift; sourceTree = "<group>"; };
		62D34E531FC51F7F007B3228 /* GuessViewController.swift */ = {isa = PBXFileReference; fileEncoding = 4; lastKnownFileType = sourcecode.swift; path = GuessViewController.swift; sourceTree = "<group>"; };
		62D34E551FC51FFB007B3228 /* DrawingStore.swift */ = {isa = PBXFileReference; fileEncoding = 4; lastKnownFileType = sourcecode.swift; path = DrawingStore.swift; sourceTree = "<group>"; };
/* End PBXFileReference section */

/* Begin PBXFrameworksBuildPhase section */
		62D34E251FC50ECC007B3228 /* Frameworks */ = {
			isa = PBXFrameworksBuildPhase;
			buildActionMask = 2147483647;
			files = (
				62D34E2E1FC50ECC007B3228 /* Messages.framework in Frameworks */,
			);
			runOnlyForDeploymentPostprocessing = 0;
		};
/* End PBXFrameworksBuildPhase section */

/* Begin PBXGroup section */
		62D34E171FC50ECC007B3228 = {
			isa = PBXGroup;
			children = (
				62D34E201FC50ECC007B3228 /* DrawPic */,
				62D34E2F1FC50ECC007B3228 /* MessagesExtension */,
				62D34E2C1FC50ECC007B3228 /* Frameworks */,
				62D34E1F1FC50ECC007B3228 /* Products */,
			);
			sourceTree = "<group>";
		};
		62D34E1F1FC50ECC007B3228 /* Products */ = {
			isa = PBXGroup;
			children = (
				62D34E1E1FC50ECC007B3228 /* DrawPic.app */,
				62D34E281FC50ECC007B3228 /* MessagesExtension.appex */,
			);
			name = Products;
			sourceTree = "<group>";
		};
		62D34E201FC50ECC007B3228 /* DrawPic */ = {
			isa = PBXGroup;
			children = (
				62D34E211FC50ECC007B3228 /* Assets.xcassets */,
				62D34E231FC50ECC007B3228 /* Info.plist */,
			);
			path = DrawPic;
			sourceTree = "<group>";
		};
		62D34E2C1FC50ECC007B3228 /* Frameworks */ = {
			isa = PBXGroup;
			children = (
				62D34E2D1FC50ECC007B3228 /* Messages.framework */,
			);
			name = Frameworks;
			sourceTree = "<group>";
		};
		62D34E2F1FC50ECC007B3228 /* MessagesExtension */ = {
			isa = PBXGroup;
			children = (
				62D34E4C1FC51426007B3228 /* Utilities */,
				62D34E491FC512CA007B3228 /* Views */,
				62D34E441FC51265007B3228 /* Controllers */,
				62D34E411FC50F52007B3228 /* Models */,
				62D34E301FC50ECC007B3228 /* MessagesViewController.swift */,
				62D34E321FC50ECC007B3228 /* MainInterface.storyboard */,
				62D34E351FC50ECC007B3228 /* Assets.xcassets */,
				62D34E371FC50ECC007B3228 /* Info.plist */,
			);
			path = MessagesExtension;
			sourceTree = "<group>";
		};
		62D34E411FC50F52007B3228 /* Models */ = {
			isa = PBXGroup;
			children = (
				62D34E421FC50F85007B3228 /* DrawPicGame.swift */,
			);
			name = Models;
			sourceTree = "<group>";
		};
		62D34E441FC51265007B3228 /* Controllers */ = {
			isa = PBXGroup;
			children = (
				62D34E471FC512A4007B3228 /* DrawingViewController.swift */,
				62D34E511FC51EEF007B3228 /* SummaryViewController.swift */,
				62D34E531FC51F7F007B3228 /* GuessViewController.swift */,
			);
			name = Controllers;
			sourceTree = "<group>";
		};
		62D34E491FC512CA007B3228 /* Views */ = {
			isa = PBXGroup;
			children = (
				62D34E4A1FC512E3007B3228 /* Canvas.swift */,
				62D34E4F1FC517A0007B3228 /* ProgressCircle.swift */,
			);
			name = Views;
			sourceTree = "<group>";
		};
		62D34E4C1FC51426007B3228 /* Utilities */ = {
			isa = PBXGroup;
			children = (
				62D34E4D1FC5142F007B3228 /* Utilities.swift */,
				62D34E551FC51FFB007B3228 /* DrawingStore.swift */,
			);
			name = Utilities;
			sourceTree = "<group>";
		};
/* End PBXGroup section */

/* Begin PBXNativeTarget section */
		62D34E1D1FC50ECC007B3228 /* DrawPic */ = {
			isa = PBXNativeTarget;
			buildConfigurationList = 62D34E3E1FC50ECC007B3228 /* Build configuration list for PBXNativeTarget "DrawPic" */;
			buildPhases = (
				62D34E1C1FC50ECC007B3228 /* Resources */,
				62D34E3D1FC50ECC007B3228 /* Embed App Extensions */,
			);
			buildRules = (
			);
			dependencies = (
				62D34E2B1FC50ECC007B3228 /* PBXTargetDependency */,
			);
			name = DrawPic;
			productName = DrawPic;
			productReference = 62D34E1E1FC50ECC007B3228 /* DrawPic.app */;
			productType = "com.apple.product-type.application.messages";
		};
		62D34E271FC50ECC007B3228 /* MessagesExtension */ = {
			isa = PBXNativeTarget;
			buildConfigurationList = 62D34E3A1FC50ECC007B3228 /* Build configuration list for PBXNativeTarget "MessagesExtension" */;
			buildPhases = (
				62D34E241FC50ECC007B3228 /* Sources */,
				62D34E251FC50ECC007B3228 /* Frameworks */,
				62D34E261FC50ECC007B3228 /* Resources */,
			);
			buildRules = (
			);
			dependencies = (
			);
			name = MessagesExtension;
			productName = MessagesExtension;
			productReference = 62D34E281FC50ECC007B3228 /* MessagesExtension.appex */;
			productType = "com.apple.product-type.app-extension.messages";
		};
/* End PBXNativeTarget section */

/* Begin PBXProject section */
		62D34E181FC50ECC007B3228 /* Project object */ = {
			isa = PBXProject;
			attributes = {
				LastSwiftUpdateCheck = 0830;
				LastUpgradeCheck = 0830;
				ORGANIZATIONNAME = "Tran Vu Hung";
				TargetAttributes = {
					62D34E1D1FC50ECC007B3228 = {
						CreatedOnToolsVersion = 8.3.3;
						DevelopmentTeam = 9A3WJ4UXW8;
						ProvisioningStyle = Automatic;
					};
					62D34E271FC50ECC007B3228 = {
						CreatedOnToolsVersion = 8.3.3;
						DevelopmentTeam = 9A3WJ4UXW8;
						ProvisioningStyle = Automatic;
					};
				};
			};
			buildConfigurationList = 62D34E1B1FC50ECC007B3228 /* Build configuration list for PBXProject "DrawPic" */;
			compatibilityVersion = "Xcode 3.2";
			developmentRegion = English;
			hasScannedForEncodings = 0;
			knownRegions = (
				en,
				Base,
			);
			mainGroup = 62D34E171FC50ECC007B3228;
			productRefGroup = 62D34E1F1FC50ECC007B3228 /* Products */;
			projectDirPath = "";
			projectRoot = "";
			targets = (
				62D34E1D1FC50ECC007B3228 /* DrawPic */,
				62D34E271FC50ECC007B3228 /* MessagesExtension */,
			);
		};
/* End PBXProject section */

/* Begin PBXResourcesBuildPhase section */
		62D34E1C1FC50ECC007B3228 /* Resources */ = {
			isa = PBXResourcesBuildPhase;
			buildActionMask = 2147483647;
			files = (
				62D34E221FC50ECC007B3228 /* Assets.xcassets in Resources */,
			);
			runOnlyForDeploymentPostprocessing = 0;
		};
		62D34E261FC50ECC007B3228 /* Resources */ = {
			isa = PBXResourcesBuildPhase;
			buildActionMask = 2147483647;
			files = (
				62D34E361FC50ECC007B3228 /* Assets.xcassets in Resources */,
				62D34E341FC50ECC007B3228 /* MainInterface.storyboard in Resources */,
			);
			runOnlyForDeploymentPostprocessing = 0;
		};
/* End PBXResourcesBuildPhase section */

/* Begin PBXSourcesBuildPhase section */
		62D34E241FC50ECC007B3228 /* Sources */ = {
			isa = PBXSourcesBuildPhase;
			buildActionMask = 2147483647;
			files = (
				62D34E431FC50F85007B3228 /* DrawPicGame.swift in Sources */,
				62D34E481FC512A4007B3228 /* DrawingViewController.swift in Sources */,
				62D34E541FC51F7F007B3228 /* GuessViewController.swift in Sources */,
				62D34E311FC50ECC007B3228 /* MessagesViewController.swift in Sources */,
				62D34E4E1FC5142F007B3228 /* Utilities.swift in Sources */,
				62D34E501FC517A0007B3228 /* ProgressCircle.swift in Sources */,
				62D34E561FC51FFB007B3228 /* DrawingStore.swift in Sources */,
				62D34E521FC51EEF007B3228 /* SummaryViewController.swift in Sources */,
				62D34E4B1FC512E3007B3228 /* Canvas.swift in Sources */,
			);
			runOnlyForDeploymentPostprocessing = 0;
		};
/* End PBXSourcesBuildPhase section */

/* Begin PBXTargetDependency section */
		62D34E2B1FC50ECC007B3228 /* PBXTargetDependency */ = {
			isa = PBXTargetDependency;
			target = 62D34E271FC50ECC007B3228 /* MessagesExtension */;
			targetProxy = 62D34E2A1FC50ECC007B3228 /* PBXContainerItemProxy */;
		};
/* End PBXTargetDependency section */

/* Begin PBXVariantGroup section */
		62D34E321FC50ECC007B3228 /* MainInterface.storyboard */ = {
			isa = PBXVariantGroup;
			children = (
				62D34E331FC50ECC007B3228 /* Base */,
			);
			name = MainInterface.storyboard;
			sourceTree = "<group>";
		};
/* End PBXVariantGroup section */

/* Begin XCBuildConfiguration section */
		62D34E381FC50ECC007B3228 /* Debug */ = {
			isa = XCBuildConfiguration;
			buildSettings = {
				ALWAYS_SEARCH_USER_PATHS = NO;
				CLANG_ANALYZER_NONNULL = YES;
				CLANG_ANALYZER_NUMBER_OBJECT_CONVERSION = YES_AGGRESSIVE;
				CLANG_CXX_LANGUAGE_STANDARD = "gnu++0x";
				CLANG_CXX_LIBRARY = "libc++";
				CLANG_ENABLE_MODULES = YES;
				CLANG_ENABLE_OBJC_ARC = YES;
				CLANG_WARN_BOOL_CONVERSION = YES;
				CLANG_WARN_CONSTANT_CONVERSION = YES;
				CLANG_WARN_DIRECT_OBJC_ISA_USAGE = YES_ERROR;
				CLANG_WARN_DOCUMENTATION_COMMENTS = YES;
				CLANG_WARN_EMPTY_BODY = YES;
				CLANG_WARN_ENUM_CONVERSION = YES;
				CLANG_WARN_INFINITE_RECURSION = YES;
				CLANG_WARN_INT_CONVERSION = YES;
				CLANG_WARN_OBJC_ROOT_CLASS = YES_ERROR;
				CLANG_WARN_SUSPICIOUS_MOVE = YES;
				CLANG_WARN_UNREACHABLE_CODE = YES;
				CLANG_WARN__DUPLICATE_METHOD_MATCH = YES;
				"CODE_SIGN_IDENTITY[sdk=iphoneos*]" = "iPhone Developer";
				COPY_PHASE_STRIP = NO;
				DEBUG_INFORMATION_FORMAT = dwarf;
				ENABLE_STRICT_OBJC_MSGSEND = YES;
				ENABLE_TESTABILITY = YES;
				GCC_C_LANGUAGE_STANDARD = gnu99;
				GCC_DYNAMIC_NO_PIC = NO;
				GCC_NO_COMMON_BLOCKS = YES;
				GCC_OPTIMIZATION_LEVEL = 0;
				GCC_PREPROCESSOR_DEFINITIONS = (
					"DEBUG=1",
					"$(inherited)",
				);
				GCC_WARN_64_TO_32_BIT_CONVERSION = YES;
				GCC_WARN_ABOUT_RETURN_TYPE = YES_ERROR;
				GCC_WARN_UNDECLARED_SELECTOR = YES;
				GCC_WARN_UNINITIALIZED_AUTOS = YES_AGGRESSIVE;
				GCC_WARN_UNUSED_FUNCTION = YES;
				GCC_WARN_UNUSED_VARIABLE = YES;
				IPHONEOS_DEPLOYMENT_TARGET = 10.3;
				MTL_ENABLE_DEBUG_INFO = YES;
				ONLY_ACTIVE_ARCH = YES;
				SDKROOT = iphoneos;
				SWIFT_ACTIVE_COMPILATION_CONDITIONS = DEBUG;
				SWIFT_OPTIMIZATION_LEVEL = "-Onone";
				TARGETED_DEVICE_FAMILY = "1,2";
			};
			name = Debug;
		};
		62D34E391FC50ECC007B3228 /* Release */ = {
			isa = XCBuildConfiguration;
			buildSettings = {
				ALWAYS_SEARCH_USER_PATHS = NO;
				CLANG_ANALYZER_NONNULL = YES;
				CLANG_ANALYZER_NUMBER_OBJECT_CONVERSION = YES_AGGRESSIVE;
				CLANG_CXX_LANGUAGE_STANDARD = "gnu++0x";
				CLANG_CXX_LIBRARY = "libc++";
				CLANG_ENABLE_MODULES = YES;
				CLANG_ENABLE_OBJC_ARC = YES;
				CLANG_WARN_BOOL_CONVERSION = YES;
				CLANG_WARN_CONSTANT_CONVERSION = YES;
				CLANG_WARN_DIRECT_OBJC_ISA_USAGE = YES_ERROR;
				CLANG_WARN_DOCUMENTATION_COMMENTS = YES;
				CLANG_WARN_EMPTY_BODY = YES;
				CLANG_WARN_ENUM_CONVERSION = YES;
				CLANG_WARN_INFINITE_RECURSION = YES;
				CLANG_WARN_INT_CONVERSION = YES;
				CLANG_WARN_OBJC_ROOT_CLASS = YES_ERROR;
				CLANG_WARN_SUSPICIOUS_MOVE = YES;
				CLANG_WARN_UNREACHABLE_CODE = YES;
				CLANG_WARN__DUPLICATE_METHOD_MATCH = YES;
				"CODE_SIGN_IDENTITY[sdk=iphoneos*]" = "iPhone Developer";
				COPY_PHASE_STRIP = NO;
				DEBUG_INFORMATION_FORMAT = "dwarf-with-dsym";
				ENABLE_NS_ASSERTIONS = NO;
				ENABLE_STRICT_OBJC_MSGSEND = YES;
				GCC_C_LANGUAGE_STANDARD = gnu99;
				GCC_NO_COMMON_BLOCKS = YES;
				GCC_WARN_64_TO_32_BIT_CONVERSION = YES;
				GCC_WARN_ABOUT_RETURN_TYPE = YES_ERROR;
				GCC_WARN_UNDECLARED_SELECTOR = YES;
				GCC_WARN_UNINITIALIZED_AUTOS = YES_AGGRESSIVE;
				GCC_WARN_UNUSED_FUNCTION = YES;
				GCC_WARN_UNUSED_VARIABLE = YES;
				IPHONEOS_DEPLOYMENT_TARGET = 10.3;
				MTL_ENABLE_DEBUG_INFO = NO;
				SDKROOT = iphoneos;
				SWIFT_OPTIMIZATION_LEVEL = "-Owholemodule";
				TARGETED_DEVICE_FAMILY = "1,2";
				VALIDATE_PRODUCT = YES;
			};
			name = Release;
		};
		62D34E3B1FC50ECC007B3228 /* Debug */ = {
			isa = XCBuildConfiguration;
			buildSettings = {
				ASSETCATALOG_COMPILER_APPICON_NAME = "iMessage App Icon";
				DEVELOPMENT_TEAM = 9A3WJ4UXW8;
				INFOPLIST_FILE = MessagesExtension/Info.plist;
				LD_RUNPATH_SEARCH_PATHS = "$(inherited) @executable_path/Frameworks @executable_path/../../Frameworks";
				PRODUCT_BUNDLE_IDENTIFIER = com.tranvuhung.DrawPic.MessagesExtension;
				PRODUCT_NAME = "$(TARGET_NAME)";
				SKIP_INSTALL = YES;
				SWIFT_VERSION = 3.0;
			};
			name = Debug;
		};
		62D34E3C1FC50ECC007B3228 /* Release */ = {
			isa = XCBuildConfiguration;
			buildSettings = {
				ASSETCATALOG_COMPILER_APPICON_NAME = "iMessage App Icon";
				DEVELOPMENT_TEAM = 9A3WJ4UXW8;
				INFOPLIST_FILE = MessagesExtension/Info.plist;
				LD_RUNPATH_SEARCH_PATHS = "$(inherited) @executable_path/Frameworks @executable_path/../../Frameworks";
				PRODUCT_BUNDLE_IDENTIFIER = com.tranvuhung.DrawPic.MessagesExtension;
				PRODUCT_NAME = "$(TARGET_NAME)";
				SKIP_INSTALL = YES;
				SWIFT_VERSION = 3.0;
			};
			name = Release;
		};
		62D34E3F1FC50ECC007B3228 /* Debug */ = {
			isa = XCBuildConfiguration;
			buildSettings = {
				ALWAYS_EMBED_SWIFT_STANDARD_LIBRARIES = YES;
				ASSETCATALOG_COMPILER_APPICON_NAME = AppIcon;
				DEVELOPMENT_TEAM = 9A3WJ4UXW8;
				INFOPLIST_FILE = DrawPic/Info.plist;
				PRODUCT_BUNDLE_IDENTIFIER = com.tranvuhung.DrawPic;
				PRODUCT_NAME = "$(TARGET_NAME)";
				SWIFT_VERSION = 3.0;
			};
			name = Debug;
		};
		62D34E401FC50ECC007B3228 /* Release */ = {
			isa = XCBuildConfiguration;
			buildSettings = {
				ALWAYS_EMBED_SWIFT_STANDARD_LIBRARIES = YES;
				ASSETCATALOG_COMPILER_APPICON_NAME = AppIcon;
				DEVELOPMENT_TEAM = 9A3WJ4UXW8;
				INFOPLIST_FILE = DrawPic/Info.plist;
				PRODUCT_BUNDLE_IDENTIFIER = com.tranvuhung.DrawPic;
				PRODUCT_NAME = "$(TARGET_NAME)";
				SWIFT_VERSION = 3.0;
			};
			name = Release;
		};
/* End XCBuildConfiguration section */

/* Begin XCConfigurationList section */
		62D34E1B1FC50ECC007B3228 /* Build configuration list for PBXProject "DrawPic" */ = {
			isa = XCConfigurationList;
			buildConfigurations = (
				62D34E381FC50ECC007B3228 /* Debug */,
				62D34E391FC50ECC007B3228 /* Release */,
			);
			defaultConfigurationIsVisible = 0;
			defaultConfigurationName = Release;
		};
		62D34E3A1FC50ECC007B3228 /* Build configuration list for PBXNativeTarget "MessagesExtension" */ = {
			isa = XCConfigurationList;
			buildConfigurations = (
				62D34E3B1FC50ECC007B3228 /* Debug */,
				62D34E3C1FC50ECC007B3228 /* Release */,
			);
			defaultConfigurationIsVisible = 0;
		};
		62D34E3E1FC50ECC007B3228 /* Build configuration list for PBXNativeTarget "DrawPic" */ = {
			isa = XCConfigurationList;
			buildConfigurations = (
				62D34E3F1FC50ECC007B3228 /* Debug */,
				62D34E401FC50ECC007B3228 /* Release */,
			);
			defaultConfigurationIsVisible = 0;
		};
/* End XCConfigurationList section */
	};
	rootObject = 62D34E181FC50ECC007B3228 /* Project object */;
}
